<?xml version="1.0" encoding="utf-8"?>
<Project ToolsVersion="4.0" xmlns="http://schemas.microsoft.com/developer/msbuild/2003">
  <ItemGroup>
    <Filter Include="Quelldateien">
      <UniqueIdentifier>{4FC737F1-C7A5-4376-A066-2A32D752A2FF}</UniqueIdentifier>
      <Extensions>cpp;c;cc;cxx;def;odl;idl;hpj;bat;asm;asmx</Extensions>
    </Filter>
    <Filter Include="Headerdateien">
      <UniqueIdentifier>{93995380-89BD-4b04-88EB-625FBE52EBFB}</UniqueIdentifier>
      <Extensions>h;hh;hpp;hxx;hm;inl;inc;ipp;xsd</Extensions>
    </Filter>
    <Filter Include="Ressourcendateien">
      <UniqueIdentifier>{67DA6AB6-F800-4c08-8B7A-83BB121AAD01}</UniqueIdentifier>
      <Extensions>rc;ico;cur;bmp;dlg;rc2;rct;bin;rgs;gif;jpg;jpeg;jpe;resx;tiff;tif;png;wav;mfcribbon-ms</Extensions>
    </Filter>
    <Filter Include="Shader">
      <UniqueIdentifier>{6c46bf4c-13fb-4de9-b4d3-a088dfced967}</UniqueIdentifier>
    </Filter>
    <Filter Include="Headerdateien\Visualise">
      <UniqueIdentifier>{0b5cee77-eea3-4fe4-99dd-a1e26c9e6268}</UniqueIdentifier>
    </Filter>
    <Filter Include="Headerdateien\DCEL">
      <UniqueIdentifier>{cead4cb9-b99a-4fd5-9410-053a4495b4a7}</UniqueIdentifier>
    </Filter>
    <Filter Include="Quelldateien\DCEL">
      <UniqueIdentifier>{bd77a36c-83ff-4e47-bcfc-122c6ab4f92c}</UniqueIdentifier>
    </Filter>
    <Filter Include="Quelldateien\Visualisation">
      <UniqueIdentifier>{bc698a44-bf35-4ce7-9b6f-24e1917195a9}</UniqueIdentifier>
    </Filter>
    <Filter Include="Tests">
      <UniqueIdentifier>{bc4208e6-ae6a-421e-9493-327a2306e126}</UniqueIdentifier>
    </Filter>
  </ItemGroup>
  <ItemGroup>
    <ClCompile Include="main.cpp">
      <Filter>Quelldateien</Filter>
    </ClCompile>
    <ClCompile Include="dcel.cpp">
      <Filter>Quelldateien\DCEL</Filter>
    </ClCompile>
    <ClCompile Include="dcelFace.cpp">
      <Filter>Quelldateien\DCEL</Filter>
    </ClCompile>
    <ClCompile Include="dcelHalfEdge.cpp">
      <Filter>Quelldateien\DCEL</Filter>
    </ClCompile>
    <ClCompile Include="dcelVertex.cpp">
      <Filter>Quelldateien\DCEL</Filter>
    </ClCompile>
    <ClCompile Include="visualisation.cpp">
      <Filter>Quelldateien\Visualisation</Filter>
    </ClCompile>
    <ClCompile Include="glad.c">
      <Filter>Quelldateien\Visualisation</Filter>
    </ClCompile>
  </ItemGroup>
  <ItemGroup>
    <ClInclude Include="convexHull.h">
      <Filter>Headerdateien</Filter>
    </ClInclude>
    <ClInclude Include="math.h">
      <Filter>Headerdateien</Filter>
    </ClInclude>
    <ClInclude Include="conflictGraph.h">
      <Filter>Headerdateien</Filter>
    </ClInclude>
    <ClInclude Include="point2D.h">
      <Filter>Headerdateien</Filter>
    </ClInclude>
    <ClInclude Include="point3D.h">
      <Filter>Headerdateien</Filter>
    </ClInclude>
    <ClInclude Include="point.h">
      <Filter>Headerdateien</Filter>
    </ClInclude>
    <ClInclude Include="edge.h">
      <Filter>Headerdateien</Filter>
    </ClInclude>
    <ClInclude Include="visualisation.h">
      <Filter>Headerdateien</Filter>
    </ClInclude>
    <ClInclude Include="camera.h">
      <Filter>Headerdateien\Visualise</Filter>
    </ClInclude>
    <ClInclude Include="shader.h">
      <Filter>Headerdateien\Visualise</Filter>
    </ClInclude>
    <ClInclude Include="dcel.h">
      <Filter>Headerdateien\DCEL</Filter>
    </ClInclude>
    <ClInclude Include="dcelFace.h">
      <Filter>Headerdateien\DCEL</Filter>
    </ClInclude>
    <ClInclude Include="dcelHalfEdge.h">
      <Filter>Headerdateien\DCEL</Filter>
    </ClInclude>
    <ClInclude Include="dcelVertex.h">
      <Filter>Headerdateien\DCEL</Filter>
    </ClInclude>
    <ClInclude Include="Test\testSuite.h">
      <Filter>Tests</Filter>
    </ClInclude>
  </ItemGroup>
  <ItemGroup>
    <None Include="Shader\vertexShader.vert">
      <Filter>Shader</Filter>
    </None>
    <None Include="Shader\fragmentShader.frag">
      <Filter>Shader</Filter>
    </None>
    <None Include="Quelle.tx">
      <Filter>Quelldateien</Filter>
    </None>
  </ItemGroup>
</Project>